// !$*UTF8*$!
{
	archiveVersion = 1;
	classes = {
	};
	objectVersion = 77;
	objects = {

/* Begin PBXContainerItemProxy section */
		150424192ED3B39400B5CDBC /* PBXContainerItemProxy */ = {
			isa = PBXContainerItemProxy;
			containerPortal = 150424032ED3B39300B5CDBC /* Project object */;
			proxyType = 1;
			remoteGlobalIDString = 1504240A2ED3B39300B5CDBC;
			remoteInfo = EmergencyServicesLocator;
		};
		150424232ED3B39400B5CDBC /* PBXContainerItemProxy */ = {
			isa = PBXContainerItemProxy;
			containerPortal = 150424032ED3B39300B5CDBC /* Project object */;
			proxyType = 1;
			remoteGlobalIDString = 1504240A2ED3B39300B5CDBC;
			remoteInfo = EmergencyServicesLocator;
		};
/* End PBXContainerItemProxy section */

/* Begin PBXFileReference section */
		1504240B2ED3B39300B5CDBC /* EmergencyServicesLocator.app */ = {isa = PBXFileReference; explicitFileType = wrapper.application; includeInIndex = 0; path = EmergencyServicesLocator.app; sourceTree = BUILT_PRODUCTS_DIR; };
		150424182ED3B39400B5CDBC /* EmergencyServicesLocatorTests.xctest */ = {isa = PBXFileReference; explicitFileType = wrapper.cfbundle; includeInIndex = 0; path = EmergencyServicesLocatorTests.xctest; sourceTree = BUILT_PRODUCTS_DIR; };
		150424222ED3B39400B5CDBC /* EmergencyServicesLocatorUITests.xctest */ = {isa = PBXFileReference; explicitFileType = wrapper.cfbundle; includeInIndex = 0; path = EmergencyServicesLocatorUITests.xctest; sourceTree = BUILT_PRODUCTS_DIR; };
/* End PBXFileReference section */

/* Begin PBXFileSystemSynchronizedBuildFileExceptionSet section */
		1504243B2ED50F3000B5CDBC /* Exceptions for "EmergencyServicesLocatorUITests" folder in "EmergencyServicesLocatorTests" target */ = {
			isa = PBXFileSystemSynchronizedBuildFileExceptionSet;
			membershipExceptions = (
				EmergencyServicesLocatorTests.swift,
			);
			target = 150424172ED3B39400B5CDBC /* EmergencyServicesLocatorTests */;
		};
		1504243C2ED50F3000B5CDBC /* Exceptions for "EmergencyServicesLocatorUITests" folder in "EmergencyServicesLocatorUITests" target */ = {
			isa = PBXFileSystemSynchronizedBuildFileExceptionSet;
			membershipExceptions = (
				EmergencyServicesLocatorTests.swift,
			);
			target = 150424212ED3B39400B5CDBC /* EmergencyServicesLocatorUITests */;
		};
/* End PBXFileSystemSynchronizedBuildFileExceptionSet section */

/* Begin PBXFileSystemSynchronizedRootGroup section */
		1504240D2ED3B39300B5CDBC /* EmergencyServicesLocator */ = {
			isa = PBXFileSystemSynchronizedRootGroup;
			path = EmergencyServicesLocator;
			sourceTree = "<group>";
		};
		1504241B2ED3B39400B5CDBC /* EmergencyServicesLocatorTests */ = {
			isa = PBXFileSystemSynchronizedRootGroup;
			path = EmergencyServicesLocatorTests;
			sourceTree = "<group>";
		};
		150424252ED3B39400B5CDBC /* EmergencyServicesLocatorUITests */ = {
			isa = PBXFileSystemSynchronizedRootGroup;
			exceptions = (
				1504243B2ED50F3000B5CDBC /* Exceptions for "EmergencyServicesLocatorUITests" folder in "EmergencyServicesLocatorTests" target */,
				1504243C2ED50F3000B5CDBC /* Exceptions for "EmergencyServicesLocatorUITests" folder in "EmergencyServicesLocatorUITests" target */,
			);
			path = EmergencyServicesLocatorUITests;
			sourceTree = "<group>";
		};
/* End PBXFileSystemSynchronizedRootGroup section */

/* Begin PBXFrameworksBuildPhase section */
		150424082ED3B39300B5CDBC /* Frameworks */ = {
			isa = PBXFrameworksBuildPhase;
			buildActionMask = 2147483647;
			files = (
			);
			runOnlyForDeploymentPostprocessing = 0;
		};
		150424152ED3B39400B5CDBC /* Frameworks */ = {
			isa = PBXFrameworksBuildPhase;
			buildActionMask = 2147483647;
			files = (
			);
			runOnlyForDeploymentPostprocessing = 0;
		};
		1504241F2ED3B39400B5CDBC /* Frameworks */ = {
			isa = PBXFrameworksBuildPhase;
			buildActionMask = 2147483647;
			files = (
			);
			runOnlyForDeploymentPostprocessing = 0;
		};
/* End PBXFrameworksBuildPhase section */

/* Begin PBXGroup section */
		150424022ED3B39300B5CDBC = {
			isa = PBXGroup;
			children = (
				1504240D2ED3B39300B5CDBC /* EmergencyServicesLocator */,
				1504241B2ED3B39400B5CDBC /* EmergencyServicesLocatorTests */,
				150424252ED3B39400B5CDBC /* EmergencyServicesLocatorUITests */,
				1504240C2ED3B39300B5CDBC /* Products */,
			);
			sourceTree = "<group>";
		};
		1504240C2ED3B39300B5CDBC /* Products */ = {
			isa = PBXGroup;
			children = (
				1504240B2ED3B39300B5CDBC /* EmergencyServicesLocator.app */,
				150424182ED3B39400B5CDBC /* EmergencyServicesLocatorTests.xctest */,
				150424222ED3B39400B5CDBC /* EmergencyServicesLocatorUITests.xctest */,
			);
			name = Products;
			sourceTree = "<group>";
		};
/* End PBXGroup section */

/* Begin PBXNativeTarget section */
		1504240A2ED3B39300B5CDBC /* EmergencyServicesLocator */ = {
			isa = PBXNativeTarget;
			buildConfigurationList = 1504242C2ED3B39400B5CDBC /* Build configuration list for PBXNativeTarget "EmergencyServicesLocator" */;
			buildPhases = (
				150424072ED3B39300B5CDBC /* Sources */,
				150424082ED3B39300B5CDBC /* Frameworks */,
				150424092ED3B39300B5CDBC /* Resources */,
			);
			buildRules = (
			);
			dependencies = (
			);
			fileSystemSynchronizedGroups = (
				1504240D2ED3B39300B5CDBC /* EmergencyServicesLocator */,
			);
			name = EmergencyServicesLocator;
			packageProductDependencies = (
			);
			productName = EmergencyServicesLocator;
			productReference = 1504240B2ED3B39300B5CDBC /* EmergencyServicesLocator.app */;
			productType = "com.apple.product-type.application";
		};
		150424172ED3B39400B5CDBC /* EmergencyServicesLocatorTests */ = {
			isa = PBXNativeTarget;
			buildConfigurationList = 1504242F2ED3B39400B5CDBC /* Build configuration list for PBXNativeTarget "EmergencyServicesLocatorTests" */;
			buildPhases = (
				150424142ED3B39400B5CDBC /* Sources */,
				150424152ED3B39400B5CDBC /* Frameworks */,
				150424162ED3B39400B5CDBC /* Resources */,
			);
			buildRules = (
			);
			dependencies = (
				1504241A2ED3B39400B5CDBC /* PBXTargetDependency */,
			);
			fileSystemSynchronizedGroups = (
				1504241B2ED3B39400B5CDBC /* EmergencyServicesLocatorTests */,
			);
			name = EmergencyServicesLocatorTests;
			packageProductDependencies = (
			);
			productName = EmergencyServicesLocatorTests;
			productReference = 150424182ED3B39400B5CDBC /* EmergencyServicesLocatorTests.xctest */;
			productType = "com.apple.product-type.bundle.unit-test";
		};
		150424212ED3B39400B5CDBC /* EmergencyServicesLocatorUITests */ = {
			isa = PBXNativeTarget;
			buildConfigurationList = 150424322ED3B39400B5CDBC /* Build configuration list for PBXNativeTarget "EmergencyServicesLocatorUITests" */;
			buildPhases = (
				1504241E2ED3B39400B5CDBC /* Sources */,
				1504241F2ED3B39400B5CDBC /* Frameworks */,
				150424202ED3B39400B5CDBC /* Resources */,
			);
			buildRules = (
			);
			dependencies = (
				150424242ED3B39400B5CDBC /* PBXTargetDependency */,
			);
			fileSystemSynchronizedGroups = (
				150424252ED3B39400B5CDBC /* EmergencyServicesLocatorUITests */,
			);
			name = EmergencyServicesLocatorUITests;
			packageProductDependencies = (
			);
			productName = EmergencyServicesLocatorUITests;
			productReference = 150424222ED3B39400B5CDBC /* EmergencyServicesLocatorUITests.xctest */;
			productType = "com.apple.product-type.bundle.ui-testing";
		};
/* End PBXNativeTarget section */

/* Begin PBXProject section */
		150424032ED3B39300B5CDBC /* Project object */ = {
			isa = PBXProject;
			attributes = {
				BuildIndependentTargetsInParallel = 1;
				LastSwiftUpdateCheck = 1640;
				LastUpgradeCheck = 1640;
				TargetAttributes = {
					1504240A2ED3B39300B5CDBC = {
						CreatedOnToolsVersion = 16.4;
					};
					150424172ED3B39400B5CDBC = {
						CreatedOnToolsVersion = 16.4;
						TestTargetID = 1504240A2ED3B39300B5CDBC;
					};
					150424212ED3B39400B5CDBC = {
						CreatedOnToolsVersion = 16.4;
						TestTargetID = 1504240A2ED3B39300B5CDBC;
					};
				};
			};
			buildConfigurationList = 150424062ED3B39300B5CDBC /* Build configuration list for PBXProject "EmergencyServicesLocator" */;
			developmentRegion = en;
			hasScannedForEncodings = 0;
			knownRegions = (
				en,
				Base,
			);
			mainGroup = 150424022ED3B39300B5CDBC;
			minimizedProjectReferenceProxies = 1;
			preferredProjectObjectVersion = 77;
			productRefGroup = 1504240C2ED3B39300B5CDBC /* Products */;
			projectDirPath = "";
			projectRoot = "";
			targets = (
				1504240A2ED3B39300B5CDBC /* EmergencyServicesLocator */,
				150424172ED3B39400B5CDBC /* EmergencyServicesLocatorTests */,
				150424212ED3B39400B5CDBC /* EmergencyServicesLocatorUITests */,
			);
		};
/* End PBXProject section */

/* Begin PBXResourcesBuildPhase section */
		150424092ED3B39300B5CDBC /* Resources */ = {
			isa = PBXResourcesBuildPhase;
			buildActionMask = 2147483647;
			files = (
			);
			runOnlyForDeploymentPostprocessing = 0;
		};
		150424162ED3B39400B5CDBC /* Resources */ = {
			isa = PBXResourcesBuildPhase;
			buildActionMask = 2147483647;
			files = (
			);
			runOnlyForDeploymentPostprocessing = 0;
		};
		150424202ED3B39400B5CDBC /* Resources */ = {
			isa = PBXResourcesBuildPhase;
			buildActionMask = 2147483647;
			files = (
			);
			runOnlyForDeploymentPostprocessing = 0;
		};
/* End PBXResourcesBuildPhase section */

/* Begin PBXSourcesBuildPhase section */
		150424072ED3B39300B5CDBC /* Sources */ = {
			isa = PBXSourcesBuildPhase;
			buildActionMask = 2147483647;
			files = (
			);
			runOnlyForDeploymentPostprocessing = 0;
		};
		150424142ED3B39400B5CDBC /* Sources */ = {
			isa = PBXSourcesBuildPhase;
			buildActionMask = 2147483647;
			files = (
			);
			runOnlyForDeploymentPostprocessing = 0;
		};
		1504241E2ED3B39400B5CDBC /* Sources */ = {
			isa = PBXSourcesBuildPhase;
			buildActionMask = 2147483647;
			files = (
			);
			runOnlyForDeploymentPostprocessing = 0;
		};
/* End PBXSourcesBuildPhase section */

/* Begin PBXTargetDependency section */
		1504241A2ED3B39400B5CDBC /* PBXTargetDependency */ = {
			isa = PBXTargetDependency;
			target = 1504240A2ED3B39300B5CDBC /* EmergencyServicesLocator */;
			targetProxy = 150424192ED3B39400B5CDBC /* PBXContainerItemProxy */;
		};
		150424242ED3B39400B5CDBC /* PBXTargetDependency */ = {
			isa = PBXTargetDependency;
			target = 1504240A2ED3B39300B5CDBC /* EmergencyServicesLocator */;
			targetProxy = 150424232ED3B39400B5CDBC /* PBXContainerItemProxy */;
		};
/* End PBXTargetDependency section */

/* Begin XCBuildConfiguration section */
		1504242A2ED3B39400B5CDBC /* Debug */ = {
			isa = XCBuildConfiguration;
			buildSettings = {
				ALWAYS_SEARCH_USER_PATHS = NO;
				ASSETCATALOG_COMPILER_GENERATE_SWIFT_ASSET_SYMBOL_EXTENSIONS = YES;
				CLANG_ANALYZER_NONNULL = YES;
				CLANG_ANALYZER_NUMBER_OBJECT_CONVERSION = YES_AGGRESSIVE;
				CLANG_CXX_LANGUAGE_STANDARD = "gnu++20";
				CLANG_ENABLE_MODULES = YES;
				CLANG_ENABLE_OBJC_ARC = YES;
				CLANG_ENABLE_OBJC_WEAK = YES;
				CLANG_WARN_BLOCK_CAPTURE_AUTORELEASING = YES;
				CLANG_WARN_BOOL_CONVERSION = YES;
				CLANG_WARN_COMMA = YES;
				CLANG_WARN_CONSTANT_CONVERSION = YES;
				CLANG_WARN_DEPRECATED_OBJC_IMPLEMENTATIONS = YES;
				CLANG_WARN_DIRECT_OBJC_ISA_USAGE = YES_ERROR;
				CLANG_WARN_DOCUMENTATION_COMMENTS = YES;
				CLANG_WARN_EMPTY_BODY = YES;
				CLANG_WARN_ENUM_CONVERSION = YES;
				CLANG_WARN_INFINITE_RECURSION = YES;
				CLANG_WARN_INT_CONVERSION = YES;
				CLANG_WARN_NON_LITERAL_NULL_CONVERSION = YES;
				CLANG_WARN_OBJC_IMPLICIT_RETAIN_SELF = YES;
				CLANG_WARN_OBJC_LITERAL_CONVERSION = YES;
				CLANG_WARN_OBJC_ROOT_CLASS = YES_ERROR;
				CLANG_WARN_QUOTED_INCLUDE_IN_FRAMEWORK_HEADER = YES;
				CLANG_WARN_RANGE_LOOP_ANALYSIS = YES;
				CLANG_WARN_STRICT_PROTOTYPES = YES;
				CLANG_WARN_SUSPICIOUS_MOVE = YES;
				CLANG_WARN_UNGUARDED_AVAILABILITY = YES_AGGRESSIVE;
				CLANG_WARN_UNREACHABLE_CODE = YES;
				CLANG_WARN__DUPLICATE_METHOD_MATCH = YES;
				COPY_PHASE_STRIP = NO;
				DEBUG_INFORMATION_FORMAT = dwarf;
				DEVELOPMENT_TEAM = X2NPLUTS9C;
				ENABLE_STRICT_OBJC_MSGSEND = YES;
				ENABLE_TESTABILITY = YES;
				ENABLE_USER_SCRIPT_SANDBOXING = YES;
				GCC_C_LANGUAGE_STANDARD = gnu17;
				GCC_DYNAMIC_NO_PIC = NO;
				GCC_NO_COMMON_BLOCKS = YES;
				GCC_OPTIMIZATION_LEVEL = 0;
				GCC_PREPROCESSOR_DEFINITIONS = (
					"DEBUG=1",
					"$(inherited)",
				);
				GCC_WARN_64_TO_32_BIT_CONVERSION = YES;
				GCC_WARN_ABOUT_RETURN_TYPE = YES_ERROR;
				GCC_WARN_UNDECLARED_SELECTOR = YES;
				GCC_WARN_UNINITIALIZED_AUTOS = YES_AGGRESSIVE;
				GCC_WARN_UNUSED_FUNCTION = YES;
				GCC_WARN_UNUSED_VARIABLE = YES;
				IPHONEOS_DEPLOYMENT_TARGET = 18.5;
				LOCALIZATION_PREFERS_STRING_CATALOGS = YES;
				MTL_ENABLE_DEBUG_INFO = INCLUDE_SOURCE;
				MTL_FAST_MATH = YES;
				ONLY_ACTIVE_ARCH = YES;
				SDKROOT = iphoneos;
				SWIFT_ACTIVE_COMPILATION_CONDITIONS = "DEBUG $(inherited)";
				SWIFT_OPTIMIZATION_LEVEL = "-Onone";
			};
			name = Debug;
		};
		1504242B2ED3B39400B5CDBC /* Release */ = {
			isa = XCBuildConfiguration;
			buildSettings = {
				ALWAYS_SEARCH_USER_PATHS = NO;
				ASSETCATALOG_COMPILER_GENERATE_SWIFT_ASSET_SYMBOL_EXTENSIONS = YES;
				CLANG_ANALYZER_NONNULL = YES;
				CLANG_ANALYZER_NUMBER_OBJECT_CONVERSION = YES_AGGRESSIVE;
				CLANG_CXX_LANGUAGE_STANDARD = "gnu++20";
				CLANG_ENABLE_MODULES = YES;
				CLANG_ENABLE_OBJC_ARC = YES;
				CLANG_ENABLE_OBJC_WEAK = YES;
				CLANG_WARN_BLOCK_CAPTURE_AUTORELEASING = YES;
				CLANG_WARN_BOOL_CONVERSION = YES;
				CLANG_WARN_COMMA = YES;
				CLANG_WARN_CONSTANT_CONVERSION = YES;
				CLANG_WARN_DEPRECATED_OBJC_IMPLEMENTATIONS = YES;
				CLANG_WARN_DIRECT_OBJC_ISA_USAGE = YES_ERROR;
				CLANG_WARN_DOCUMENTATION_COMMENTS = YES;
				CLANG_WARN_EMPTY_BODY = YES;
				CLANG_WARN_ENUM_CONVERSION = YES;
				CLANG_WARN_INFINITE_RECURSION = YES;
				CLANG_WARN_INT_CONVERSION = YES;
				CLANG_WARN_NON_LITERAL_NULL_CONVERSION = YES;
				CLANG_WARN_OBJC_IMPLICIT_RETAIN_SELF = YES;
				CLANG_WARN_OBJC_LITERAL_CONVERSION = YES;
				CLANG_WARN_OBJC_ROOT_CLASS = YES_ERROR;
				CLANG_WARN_QUOTED_INCLUDE_IN_FRAMEWORK_HEADER = YES;
				CLANG_WARN_RANGE_LOOP_ANALYSIS = YES;
				CLANG_WARN_STRICT_PROTOTYPES = YES;
				CLANG_WARN_SUSPICIOUS_MOVE = YES;
				CLANG_WARN_UNGUARDED_AVAILABILITY = YES_AGGRESSIVE;
				CLANG_WARN_UNREACHABLE_CODE = YES;
				CLANG_WARN__DUPLICATE_METHOD_MATCH = YES;
				COPY_PHASE_STRIP = NO;
				DEBUG_INFORMATION_FORMAT = "dwarf-with-dsym";
				DEVELOPMENT_TEAM = X2NPLUTS9C;
				ENABLE_NS_ASSERTIONS = NO;
				ENABLE_STRICT_OBJC_MSGSEND = YES;
				ENABLE_USER_SCRIPT_SANDBOXING = YES;
				GCC_C_LANGUAGE_STANDARD = gnu17;
				GCC_NO_COMMON_BLOCKS = YES;
				GCC_WARN_64_TO_32_BIT_CONVERSION = YES;
				GCC_WARN_ABOUT_RETURN_TYPE = YES_ERROR;
				GCC_WARN_UNDECLARED_SELECTOR = YES;
				GCC_WARN_UNINITIALIZED_AUTOS = YES_AGGRESSIVE;
				GCC_WARN_UNUSED_FUNCTION = YES;
				GCC_WARN_UNUSED_VARIABLE = YES;
				IPHONEOS_DEPLOYMENT_TARGET = 18.5;
				LOCALIZATION_PREFERS_STRING_CATALOGS = YES;
				MTL_ENABLE_DEBUG_INFO = NO;
				MTL_FAST_MATH = YES;
				SDKROOT = iphoneos;
				SWIFT_COMPILATION_MODE = wholemodule;
				VALIDATE_PRODUCT = YES;
			};
			name = Release;
		};
		1504242D2ED3B39400B5CDBC /* Debug */ = {
			isa = XCBuildConfiguration;
			buildSettings = {
				ASSETCATALOG_COMPILER_APPICON_NAME = AppIcon;
				ASSETCATALOG_COMPILER_GLOBAL_ACCENT_COLOR_NAME = AccentColor;
				CODE_SIGN_STYLE = Automatic;
				CURRENT_PROJECT_VERSION = 1;
				DEVELOPMENT_TEAM = X2NPLUTS9C;
				ENABLE_PREVIEWS = YES;
				GENERATE_INFOPLIST_FILE = YES;
				INFOPLIST_KEY_UIApplicationSceneManifest_Generation = YES;
				INFOPLIST_KEY_UIApplicationSupportsIndirectInputEvents = YES;
				INFOPLIST_KEY_UILaunchScreen_Generation = YES;
				INFOPLIST_KEY_UISupportedInterfaceOrientations_iPad = "UIInterfaceOrientationPortrait UIInterfaceOrientationPortraitUpsideDown UIInterfaceOrientationLandscapeLeft UIInterfaceOrientationLandscapeRight";
				INFOPLIST_KEY_UISupportedInterfaceOrientations_iPhone = "UIInterfaceOrientationPortrait UIInterfaceOrientationLandscapeLeft UIInterfaceOrientationLandscapeRight";
				LD_RUNPATH_SEARCH_PATHS = (
					"$(inherited)",
					"@executable_path/Frameworks",
				);
				MARKETING_VERSION = 1.0;
				PRODUCT_BUNDLE_IDENTIFIER = Maynard.EmergencyServicesLocator;
				PRODUCT_NAME = "$(TARGET_NAME)";
				SWIFT_EMIT_LOC_STRINGS = YES;
				SWIFT_VERSION = 5.0;
				TARGETED_DEVICE_FAMILY = "1,2";
			};
			name = Debug;
		};
		1504242E2ED3B39400B5CDBC /* Release */ = {
			isa = XCBuildConfiguration;
			buildSettings = {
				ASSETCATALOG_COMPILER_APPICON_NAME = AppIcon;
				ASSETCATALOG_COMPILER_GLOBAL_ACCENT_COLOR_NAME = AccentColor;
				CODE_SIGN_STYLE = Automatic;
				CURRENT_PROJECT_VERSION = 1;
				DEVELOPMENT_TEAM = X2NPLUTS9C;
				ENABLE_PREVIEWS = YES;
				GENERATE_INFOPLIST_FILE = YES;
				INFOPLIST_KEY_UIApplicationSceneManifest_Generation = YES;
				INFOPLIST_KEY_UIApplicationSupportsIndirectInputEvents = YES;
				INFOPLIST_KEY_UILaunchScreen_Generation = YES;
				INFOPLIST_KEY_UISupportedInterfaceOrientations_iPad = "UIInterfaceOrientationPortrait UIInterfaceOrientationPortraitUpsideDown UIInterfaceOrientationLandscapeLeft UIInterfaceOrientationLandscapeRight";
				INFOPLIST_KEY_UISupportedInterfaceOrientations_iPhone = "UIInterfaceOrientationPortrait UIInterfaceOrientationLandscapeLeft UIInterfaceOrientationLandscapeRight";
				LD_RUNPATH_SEARCH_PATHS = (
					"$(inherited)",
					"@executable_path/Frameworks",
				);
				MARKETING_VERSION = 1.0;
				PRODUCT_BUNDLE_IDENTIFIER = Maynard.EmergencyServicesLocator;
				PRODUCT_NAME = "$(TARGET_NAME)";
				SWIFT_EMIT_LOC_STRINGS = YES;
				SWIFT_VERSION = 5.0;
				TARGETED_DEVICE_FAMILY = "1,2";
			};
			name = Release;
		};
		150424302ED3B39400B5CDBC /* Debug */ = {
			isa = XCBuildConfiguration;
			buildSettings = {
				BUNDLE_LOADER = "$(TEST_HOST)";
				CODE_SIGN_STYLE = Automatic;
				CURRENT_PROJECT_VERSION = 1;
				DEVELOPMENT_TEAM = X2NPLUTS9C;
				GENERATE_INFOPLIST_FILE = YES;
				IPHONEOS_DEPLOYMENT_TARGET = 18.5;
				MARKETING_VERSION = 1.0;
				PRODUCT_BUNDLE_IDENTIFIER = Maynard.EmergencyServicesLocatorTests;
				PRODUCT_NAME = "$(TARGET_NAME)";
				SWIFT_EMIT_LOC_STRINGS = NO;
				SWIFT_VERSION = 5.0;
				TARGETED_DEVICE_FAMILY = "1,2";
				TEST_HOST = "$(BUILT_PRODUCTS_DIR)/EmergencyServicesLocator.app/$(BUNDLE_EXECUTABLE_FOLDER_PATH)/EmergencyServicesLocator";
			};
			name = Debug;
		};
		150424312ED3B39400B5CDBC /* Release */ = {
			isa = XCBuildConfiguration;
			buildSettings = {
				BUNDLE_LOADER = "$(TEST_HOST)";
				CODE_SIGN_STYLE = Automatic;
				CURRENT_PROJECT_VERSION = 1;
				DEVELOPMENT_TEAM = X2NPLUTS9C;
				GENERATE_INFOPLIST_FILE = YES;
				IPHONEOS_DEPLOYMENT_TARGET = 18.5;
				MARKETING_VERSION = 1.0;
				PRODUCT_BUNDLE_IDENTIFIER = Maynard.EmergencyServicesLocatorTests;
				PRODUCT_NAME = "$(TARGET_NAME)";
				SWIFT_EMIT_LOC_STRINGS = NO;
				SWIFT_VERSION = 5.0;
				TARGETED_DEVICE_FAMILY = "1,2";
				TEST_HOST = "$(BUILT_PRODUCTS_DIR)/EmergencyServicesLocator.app/$(BUNDLE_EXECUTABLE_FOLDER_PATH)/EmergencyServicesLocator";
			};
			name = Release;
		};
		150424332ED3B39400B5CDBC /* Debug */ = {
			isa = XCBuildConfiguration;
			buildSettings = {
				CODE_SIGN_STYLE = Automatic;
				CURRENT_PROJECT_VERSION = 1;
				DEVELOPMENT_TEAM = X2NPLUTS9C;
				GENERATE_INFOPLIST_FILE = YES;
				MARKETING_VERSION = 1.0;
				PRODUCT_BUNDLE_IDENTIFIER = Maynard.EmergencyServicesLocatorUITests;
				PRODUCT_NAME = "$(TARGET_NAME)";
				SWIFT_EMIT_LOC_STRINGS = NO;
				SWIFT_VERSION = 5.0;
				TARGETED_DEVICE_FAMILY = "1,2";
				TEST_TARGET_NAME = EmergencyServicesLocator;
			};
			name = Debug;
		};
		150424342ED3B39400B5CDBC /* Release */ = {
			isa = XCBuildConfiguration;
			buildSettings = {
				CODE_SIGN_STYLE = Automatic;
				CURRENT_PROJECT_VERSION = 1;
				DEVELOPMENT_TEAM = X2NPLUTS9C;
				GENERATE_INFOPLIST_FILE = YES;
				MARKETING_VERSION = 1.0;
				PRODUCT_BUNDLE_IDENTIFIER = Maynard.EmergencyServicesLocatorUITests;
				PRODUCT_NAME = "$(TARGET_NAME)";
				SWIFT_EMIT_LOC_STRINGS = NO;
				SWIFT_VERSION = 5.0;
				TARGETED_DEVICE_FAMILY = "1,2";
				TEST_TARGET_NAME = EmergencyServicesLocator;
			};
			name = Release;
		};
/* End XCBuildConfiguration section */

/* Begin XCConfigurationList section */
		150424062ED3B39300B5CDBC /* Build configuration list for PBXProject "EmergencyServicesLocator" */ = {
			isa = XCConfigurationList;
			buildConfigurations = (
				1504242A2ED3B39400B5CDBC /* Debug */,
				1504242B2ED3B39400B5CDBC /* Release */,
			);
			defaultConfigurationIsVisible = 0;
			defaultConfigurationName = Release;
		};
		1504242C2ED3B39400B5CDBC /* Build configuration list for PBXNativeTarget "EmergencyServicesLocator" */ = {
			isa = XCConfigurationList;
			buildConfigurations = (
				1504242D2ED3B39400B5CDBC /* Debug */,
				1504242E2ED3B39400B5CDBC /* Release */,
			);
			defaultConfigurationIsVisible = 0;
			defaultConfigurationName = Release;
		};
		1504242F2ED3B39400B5CDBC /* Build configuration list for PBXNativeTarget "EmergencyServicesLocatorTests" */ = {
			isa = XCConfigurationList;
			buildConfigurations = (
				150424302ED3B39400B5CDBC /* Debug */,
				150424312ED3B39400B5CDBC /* Release */,
			);
			defaultConfigurationIsVisible = 0;
			defaultConfigurationName = Release;
		};
		150424322ED3B39400B5CDBC /* Build configuration list for PBXNativeTarget "EmergencyServicesLocatorUITests" */ = {
			isa = XCConfigurationList;
			buildConfigurations = (
				150424332ED3B39400B5CDBC /* Debug */,
				150424342ED3B39400B5CDBC /* Release */,
			);
			defaultConfigurationIsVisible = 0;
			defaultConfigurationName = Release;
		};
/* End XCConfigurationList section */
	};
	rootObject = 150424032ED3B39300B5CDBC /* Project object */;
}
